# THIS IS AN AUTOGENERATED FILE. DO NOT EDIT THIS FILE DIRECTLY.
assets/ajax-cart.js.liquid:
  development: 2016-09-28T09:51:08+08:00   51f842884cdcb7c7949f2feb1e2d2f9a
assets/ajax-loader.gif:
  development: 2016-09-28T09:51:08+08:00   deca8b0ecd6974227d157b6d7068995d
assets/gift-card.scss.liquid:
  development: 2016-09-28T09:51:08+08:00   4013652f514c31ced96536bd134c4bc1
assets/hero_slide_1.jpg:
  development: 2016-11-17T12:01:34+08:00   a8ae7836d97ba588053a8e3882edc94b
assets/hero_slide_2.jpg:
  development: 2016-11-17T12:01:35+08:00   aa98f80e62988d3335b34ed4a257d5af
assets/ico-select.svg.liquid:
  development: 2016-09-28T09:51:09+08:00   9c9cc5a57cc74a0a64c2f62b1370a920
assets/icons.eot:
  development: 2016-09-28T09:51:09+08:00   5c0d260d71e8c1c2f9cd8c0d8f839710
assets/icons.json:
  development: 2017-11-11T09:58:10+08:00   7dc948f0b99335f927052406744f0424
assets/icons.svg:
  development: 2016-09-28T09:51:09+08:00   85da8f7cc8105b93b6123c72a54629e5
assets/icons.ttf:
  development: 2016-09-28T09:51:09+08:00   1f1133972fff9af3f0ce853f45411d35
assets/icons.woff:
  development: 2016-09-28T09:51:09+08:00   c2a5c0f4788d7c16d10f6dde235fbd02
assets/logo.png:
  development: 2016-11-17T12:38:37+08:00   ba4eba723d157ee8a88ce999cca88a7a
assets/match-media.min.js:
  development: 2016-09-28T09:51:09+08:00   9e431a1a6b7a8c12af2cef5c2a1ce14f
assets/modernizr.min.js:
  development: 2016-09-28T09:51:09+08:00   2e37516b46c9a9e2f46842c42e4b6e03
assets/password-page-background.jpg:
  development: 2016-09-28T09:51:09+08:00   4d5821272f875e5c11dd3a8c8e1d6133
assets/respond-proxy.html:
  development: 2016-09-28T09:51:09+08:00   75002d74a330bff6bf069284da503b4c
assets/respond.min.js:
  development: 2017-11-11T08:11:24+08:00   f73dc6ce6709949a875ab603cf4d6cfd
assets/theme.js.liquid:
  development: 2016-09-28T09:51:10+08:00   84795b6ab922b9e913e628c10ab25355
assets/theme.scss.liquid:
  development: 2016-09-28T09:51:10+08:00   6c9f7dfdb9b67e98fde85d12e94c205e
assets/timber.scss.liquid:
  development: 2016-09-28T09:51:10+08:00   42ef345725dd1cc7f6335758909991b9
assets/variant_selection.js:
  development: 2016-09-28T09:51:10+08:00   de179d1a42c7af039f9a654a4731194f
config/settings_data.json:
  development: 2017-11-14T23:06:15+08:00   c732b2e74c37746abf98b1f9590dbbc7
config/settings_schema.json:
  development: 2017-11-11T09:58:29+08:00   97b845c3fb221327fc50a428de36794e
layout/theme.liquid:
  development: 2017-01-12T15:26:09+08:00   abe7ea168361d9b2aae7c50773a85b21
locales/de.json:
  development: 2017-11-11T09:58:16+08:00   52f8dac89351adc35a976ba4c4888801
locales/en.default.json:
  development: 2017-11-11T09:58:05+08:00   daf5b0618a7bc96c31de2b76ec480fb7
locales/es.json:
  development: 2017-11-11T09:58:14+08:00   5b6ca4d3904e896e1bec26f790f9f1e8
locales/fr.json:
  development: 2017-11-11T09:58:21+08:00   c48e183a54a9f4c79c4c67ea97335f4e
locales/pt-BR.json:
  development: 2017-11-11T09:58:34+08:00   1a6b32ea29e950c1b5a8b4498a36d928
locales/pt-PT.json:
  development: 2017-11-11T09:58:00+08:00   e43082f27ee4d45fa8758e9b0900d1f8
snippets/ajax-cart-template.liquid:
  development: 2016-09-28T09:51:10+08:00   a12ad20ccc9ef7b2516fe7941c51dba8
snippets/charge-rabbit.no-membership.liquid:
  development: 2016-09-28T09:51:13+08:00   f6d75328aee8efce2a454de76ec12c60
snippets/collection-grid-collage.liquid:
  development: 2016-09-28T09:51:10+08:00   6d74241f0c678b8d49ca316e50b9e3fa
snippets/collection-grid-item.liquid:
  development: 2017-01-12T15:22:56+08:00   b8e8a168d86bd923e7f168ed2816a7a5
snippets/collection-template.liquid:
  development: 2016-09-28T09:51:10+08:00   720af09b8958e0b41990385c3c1e7e74
snippets/comment.liquid:
  development: 2016-09-28T09:51:10+08:00   490bf7370ece4d0217f9c229aefd5880
snippets/featured-collections.liquid:
  development: 2017-01-12T15:13:35+08:00   8292960cc809632914d2ec63a37ec7ec
snippets/featured-products.liquid:
  development: 2017-11-11T22:48:42+08:00   aee1cee767e0f3f3b8333330a1ee5566
snippets/google-fonts.liquid:
  development: 2016-09-28T09:51:10+08:00   8e40cfa27425f9a5b955b747e1edee96
snippets/hero.liquid:
  development: 2016-09-28T09:51:10+08:00   808be10c90664eafe3c597c64196b4a5
snippets/home-content.liquid:
  development: 2016-09-28T09:51:10+08:00   f227159b82971e2a50604fd56b508d86
snippets/oldIE-js.liquid:
  development: 2016-09-28T09:51:10+08:00   daf28c8834122dcaf976369fdf48323a
snippets/onboarding-empty-collection.liquid:
  development: 2016-09-28T09:51:10+08:00   aa17c6a6b220bc618bfbde224e25a2c6
snippets/onboarding-featured-collections.liquid:
  development: 2016-09-28T09:51:10+08:00   9b1474eda2ec04452e47c94ca60bcdea
snippets/onboarding-featured-products.liquid:
  development: 2016-09-28T09:51:10+08:00   30686b1118339f52367b6351e23987d3
snippets/product-grid-collage.liquid:
  development: 2016-09-28T09:51:10+08:00   a258c7788397701a5db2d51783bfe2d2
snippets/product-grid-item.liquid:
  development: 2017-11-15T10:37:19+08:00   c39a6a4e7914072126af6f2390c6abf1
snippets/respond.liquid:
  development: 2016-09-28T09:51:10+08:00   ca6abf0635dc2ad8c6bd377f83c79f6b
snippets/search-bar.liquid:
  development: 2016-09-28T09:51:10+08:00   09c97d1e453c835a8a5568a70d690883
snippets/social-meta-tags.liquid:
  development: 2016-09-28T09:51:10+08:00   b44f46a284eee32a5a0525b863ad256e
snippets/social-sharing.liquid:
  development: 2016-09-28T09:51:10+08:00   d4a4ed9f1794fab41ff618650d7254b9
snippets/svg-definitions.liquid:
  development: 2017-11-11T09:58:00+08:00   fe4fbc64d534e355fd8653de4ebac79a
snippets/tags-article.liquid:
  development: 2016-09-28T09:51:10+08:00   e7976dc4c68590a9f1ee7276f99559ac
templates/404.liquid:
  development: 2016-09-28T09:51:10+08:00   f1181b55ee89b4ad79ae81d244761cd2
templates/article.liquid:
  development: 2017-10-07T20:21:25+08:00   b8a66ac42943bcbc2f9f2a6b1365c87a
templates/blog.liquid:
  development: 2016-09-28T09:51:10+08:00   1fdf4518aaabc12a91266401ff2e0536
templates/cart.liquid:
  development: 2016-09-28T09:51:10+08:00   d7b0e922722c1ee95c2361e759c94f64
templates/collection.image.liquid:
  development: 2016-09-28T09:51:10+08:00   47f7f1ef3895c7657b397eb3cc16d878
templates/collection.liquid:
  development: 2016-09-28T09:51:10+08:00   08cfa954a5be6c202f10f8d8f00f569f
templates/customers/account.liquid:
  development: 2016-09-28T09:51:11+08:00   4f3edd5d3afe1e755e14ebf4b5f57c60
templates/customers/activate_account.liquid:
  development: 2016-09-28T09:51:11+08:00   a569b8be750f47edddc82ffc62b847ac
templates/customers/addresses.liquid:
  development: 2016-09-28T09:51:11+08:00   a9d3cac14c883adc547527c9ee869d6b
templates/customers/login.liquid:
  development: 2016-09-28T09:51:11+08:00   5fea701d036da687b6b1f1e28babb7bc
templates/customers/order.liquid:
  development: 2016-09-28T09:51:11+08:00   1032e0a120d52510b369173cf2bb9fa8
templates/customers/register.liquid:
  development: 2016-09-28T09:51:11+08:00   3205d912f62cb0f866d974d5f2e22b37
templates/customers/reset_password.liquid:
  development: 2016-09-28T09:51:11+08:00   bd78871a9d2e373575659c6f9f68aa9b
templates/gift_card.liquid:
  development: 2016-09-28T09:51:10+08:00   0498921c744a58b256f812fab3784c89
templates/index.liquid:
  development: 2016-09-28T09:51:10+08:00   6c8661e0fda832ad0c0cfeb714e701ec
templates/list-collections.liquid:
  development: 2016-09-28T09:51:10+08:00   452d24273f8cbf083eabbce8bd4c3f71
templates/page.contact.liquid:
  development: 2016-09-28T09:51:11+08:00   b31a760236911163d10b4a663a76c59d
templates/page.ff-rss.liquid:
  development: 2017-10-08T13:36:26+08:00   e06d0cd435ba5585b46cf16b17a2a4de
templates/page.full-width.liquid:
  development: 2016-09-28T09:51:11+08:00   f21db2cc6691ac1165c7a07ff8bc11cb
templates/page.liquid:
  development: 2016-09-28T09:51:11+08:00   3c1c3fb627419cc73d4cd19b32898d5e
templates/password.liquid:
  development: 2016-09-28T09:51:11+08:00   a383449a6efdf5bd8fc89a3db5c93079
templates/product.charge-rabbit.liquid:
  development: 2016-09-28T09:51:13+08:00   1950736fc7286e121bf70c6f23f8edfd
templates/product.liquid:
  development: 2016-09-28T09:51:11+08:00   c713e252510737feb367953a99a7416f
templates/product.no-price.liquid:
  development: 2017-11-15T10:49:29+08:00   2b6b68f027075a78c2820b1a8fd5f6aa
templates/product.pre-order.liquid:
  development: 2017-11-11T19:43:42+08:00   02511b1e125e994a75254e41044689a3
templates/search.liquid:
  development: 2016-09-28T09:51:11+08:00   2ce2fbbfa7d27ec783e2015d71635e5e
